
Microsoft Visual Studio Solution File, Format Version 12.00
# Visual Studio Version 17
VisualStudioVersion = 17.0.31903.59
MinimumVisualStudioVersion = 10.0.40219.1
Project("{2150E333-8FDC-42A3-9474-1A3956D46DE8}") = "Services", "Services", "{920FB92D-7471-40E1-B6F7-69A52B6B1A6C}"
EndProject
Project("{2150E333-8FDC-42A3-9474-1A3956D46DE8}") = "ApiGateways", "ApiGateways", "{A78108E5-841E-450A-978F-B1707C5D74A0}"
EndProject
Project("{2150E333-8FDC-42A3-9474-1A3956D46DE8}") = "Infrastructure", "Infrastructure", "{AA6ECFD2-1B4B-4A24-9477-E016736BB1F3}"
EndProject
Project("{2150E333-8FDC-42A3-9474-1A3956D46DE8}") = "Catalog", "Catalog", "{759E7EFD-2BB7-41D4-A19E-72AB06F9FBC0}"
EndProject
Project("{9A19103F-16F7-4668-BE54-9A1E7A4F7556}") = "Catalog.API", "Services\Catalog\Catalog.API\Catalog.API.csproj", "{CEC0413B-2054-4051-8500-6DB60FDD25F5}"
EndProject
Project("{9A19103F-16F7-4668-BE54-9A1E7A4F7556}") = "Catalog.Application", "Services\Catalog\Catalog.Application\Catalog.Application.csproj", "{1D592D57-231F-49CD-B08A-4BFB2B18A01D}"
EndProject
Project("{9A19103F-16F7-4668-BE54-9A1E7A4F7556}") = "Catalog.Core", "Services\Catalog\Catalog.Core\Catalog.Core.csproj", "{B165EBD9-BBD5-491E-AFE5-B164430FA6E6}"
EndProject
Project("{9A19103F-16F7-4668-BE54-9A1E7A4F7556}") = "Catalog.Infrastructure", "Services\Catalog\Catalog.Infrastructure\Catalog.Infrastructure.csproj", "{7850AC74-019B-4A14-A84A-AFE4A8CBC94D}"
EndProject
Project("{2150E333-8FDC-42A3-9474-1A3956D46DE8}") = "Tests", "Tests", "{0DB96F82-53E1-4D9E-B0F0-C99AE3B7F62E}"
EndProject
Project("{2150E333-8FDC-42A3-9474-1A3956D46DE8}") = "Basket", "Basket", "{AFB90598-F2D1-4226-B8CC-EDE57EEAFB3B}"
EndProject
Project("{9A19103F-16F7-4668-BE54-9A1E7A4F7556}") = "Basket.Infrastructure", "Services\Basket\Basket.Infrastructure\Basket.Infrastructure.csproj", "{1CC9A7BB-44BA-4B2C-83BD-C1C1B702EDEC}"
EndProject
Project("{9A19103F-16F7-4668-BE54-9A1E7A4F7556}") = "Basket.Core", "Services\Basket\Basket.Core\Basket.Core.csproj", "{CA9EF2D0-8AD5-47B4-A5E4-B505B3DA8280}"
EndProject
Project("{9A19103F-16F7-4668-BE54-9A1E7A4F7556}") = "Basket.Application", "Services\Basket\Basket.Application\Basket.Application.csproj", "{6AB8891F-1786-4DA0-93DA-54897949FE4A}"
EndProject
Project("{9A19103F-16F7-4668-BE54-9A1E7A4F7556}") = "Basket.API", "Services\Basket\Basket.API\Basket.API.csproj", "{608EE534-8B28-4F0F-90A2-B215A8772012}"
EndProject
Project("{2150E333-8FDC-42A3-9474-1A3956D46DE8}") = "Discount", "Discount", "{58BC0253-2D26-4633-B4A3-8889DB0CF761}"
EndProject
Project("{9A19103F-16F7-4668-BE54-9A1E7A4F7556}") = "Discount.Core", "Services\Discount\Discount.Core\Discount.Core.csproj", "{195CA343-0099-4654-9490-56CA4755FB93}"
EndProject
Project("{9A19103F-16F7-4668-BE54-9A1E7A4F7556}") = "Discount.Application", "Services\Discount\Discount.Application\Discount.Application.csproj", "{EBBB00DD-9CAB-48CB-B62C-FF399D9201D7}"
EndProject
Project("{9A19103F-16F7-4668-BE54-9A1E7A4F7556}") = "Discount.Infrastructure", "Services\Discount\Discount.Infrastructure\Discount.Infrastructure.csproj", "{8B35F4FE-AA34-402B-970F-C8853E008E1A}"
EndProject
Project("{9A19103F-16F7-4668-BE54-9A1E7A4F7556}") = "Discount.API", "Services\Discount\Discount.API\Discount.API.csproj", "{50B8A856-FA40-446A-B33E-E2B641126425}"
EndProject
Project("{9A19103F-16F7-4668-BE54-9A1E7A4F7556}") = "Discount.Application.UnitTests", "Tests\Discount.Application.UnitTests\Discount.Application.UnitTests.csproj", "{908F1965-2528-4969-A672-C711D613BBE1}"
EndProject
Project("{9A19103F-16F7-4668-BE54-9A1E7A4F7556}") = "Catalog.Application.UnitTests", "Tests\Catalog.Application.UnitTests\Catalog.Application.UnitTests.csproj", "{865AF4BD-E3C6-4242-BDBB-FD590321CDE2}"
EndProject
Project("{FAE04EC0-301F-11D3-BF4B-00C04F79EFBC}") = "Basket.Application.UnitTests", "Tests\Basket.Application.UnitTests\Basket.Application.UnitTests.csproj", "{059492DA-A777-41EF-B895-5679D167D6DC}"
EndProject
Project("{2150E333-8FDC-42A3-9474-1A3956D46DE8}") = "Ordering", "Ordering", "{4FEB6E03-0124-479B-A6C6-3A3F0C3FE7DC}"
EndProject
Project("{FAE04EC0-301F-11D3-BF4B-00C04F79EFBC}") = "Ordering.Core", "Services\Ordering\Ordering.Core\Ordering.Core.csproj", "{4A0406FF-6765-4DB0-8B3C-AFF2126B5AC3}"
EndProject
Project("{FAE04EC0-301F-11D3-BF4B-00C04F79EFBC}") = "Ordering.Application", "Services\Ordering\Ordering.Application\Ordering.Application.csproj", "{CE48F9ED-E6C3-406F-AE35-C2ABFDFA70F4}"
EndProject
Project("{FAE04EC0-301F-11D3-BF4B-00C04F79EFBC}") = "Ordering.Infrastructure", "Services\Ordering\Ordering.Infrastructure\Ordering.Infrastructure.csproj", "{B9DAF399-6F62-40A5-890F-A50530183426}"
EndProject
Project("{FAE04EC0-301F-11D3-BF4B-00C04F79EFBC}") = "Ordering.API", "Services\Ordering\Ordering.API\Ordering.API.csproj", "{5DEFC665-D995-4A1E-A9E4-75B6A990792E}"
EndProject
Project("{FAE04EC0-301F-11D3-BF4B-00C04F79EFBC}") = "Order.Application.UnitTests", "Tests\Order.Application.UnitTests\Order.Application.UnitTests.csproj", "{E8669E99-A40C-48D8-B2F3-70E7492F15A7}"
EndProject
Global
	GlobalSection(SolutionConfigurationPlatforms) = preSolution
		Debug|Any CPU = Debug|Any CPU
		Release|Any CPU = Release|Any CPU
	EndGlobalSection
	GlobalSection(ProjectConfigurationPlatforms) = postSolution
		{CEC0413B-2054-4051-8500-6DB60FDD25F5}.Debug|Any CPU.ActiveCfg = Debug|Any CPU
		{CEC0413B-2054-4051-8500-6DB60FDD25F5}.Debug|Any CPU.Build.0 = Debug|Any CPU
		{CEC0413B-2054-4051-8500-6DB60FDD25F5}.Release|Any CPU.ActiveCfg = Release|Any CPU
		{CEC0413B-2054-4051-8500-6DB60FDD25F5}.Release|Any CPU.Build.0 = Release|Any CPU
		{1D592D57-231F-49CD-B08A-4BFB2B18A01D}.Debug|Any CPU.ActiveCfg = Debug|Any CPU
		{1D592D57-231F-49CD-B08A-4BFB2B18A01D}.Debug|Any CPU.Build.0 = Debug|Any CPU
		{1D592D57-231F-49CD-B08A-4BFB2B18A01D}.Release|Any CPU.ActiveCfg = Release|Any CPU
		{1D592D57-231F-49CD-B08A-4BFB2B18A01D}.Release|Any CPU.Build.0 = Release|Any CPU
		{B165EBD9-BBD5-491E-AFE5-B164430FA6E6}.Debug|Any CPU.ActiveCfg = Debug|Any CPU
		{B165EBD9-BBD5-491E-AFE5-B164430FA6E6}.Debug|Any CPU.Build.0 = Debug|Any CPU
		{B165EBD9-BBD5-491E-AFE5-B164430FA6E6}.Release|Any CPU.ActiveCfg = Release|Any CPU
		{B165EBD9-BBD5-491E-AFE5-B164430FA6E6}.Release|Any CPU.Build.0 = Release|Any CPU
		{7850AC74-019B-4A14-A84A-AFE4A8CBC94D}.Debug|Any CPU.ActiveCfg = Debug|Any CPU
		{7850AC74-019B-4A14-A84A-AFE4A8CBC94D}.Debug|Any CPU.Build.0 = Debug|Any CPU
		{7850AC74-019B-4A14-A84A-AFE4A8CBC94D}.Release|Any CPU.ActiveCfg = Release|Any CPU
		{7850AC74-019B-4A14-A84A-AFE4A8CBC94D}.Release|Any CPU.Build.0 = Release|Any CPU
		{1CC9A7BB-44BA-4B2C-83BD-C1C1B702EDEC}.Debug|Any CPU.ActiveCfg = Debug|Any CPU
		{1CC9A7BB-44BA-4B2C-83BD-C1C1B702EDEC}.Debug|Any CPU.Build.0 = Debug|Any CPU
		{1CC9A7BB-44BA-4B2C-83BD-C1C1B702EDEC}.Release|Any CPU.ActiveCfg = Release|Any CPU
		{1CC9A7BB-44BA-4B2C-83BD-C1C1B702EDEC}.Release|Any CPU.Build.0 = Release|Any CPU
		{CA9EF2D0-8AD5-47B4-A5E4-B505B3DA8280}.Debug|Any CPU.ActiveCfg = Debug|Any CPU
		{CA9EF2D0-8AD5-47B4-A5E4-B505B3DA8280}.Debug|Any CPU.Build.0 = Debug|Any CPU
		{CA9EF2D0-8AD5-47B4-A5E4-B505B3DA8280}.Release|Any CPU.ActiveCfg = Release|Any CPU
		{CA9EF2D0-8AD5-47B4-A5E4-B505B3DA8280}.Release|Any CPU.Build.0 = Release|Any CPU
		{6AB8891F-1786-4DA0-93DA-54897949FE4A}.Debug|Any CPU.ActiveCfg = Debug|Any CPU
		{6AB8891F-1786-4DA0-93DA-54897949FE4A}.Debug|Any CPU.Build.0 = Debug|Any CPU
		{6AB8891F-1786-4DA0-93DA-54897949FE4A}.Release|Any CPU.ActiveCfg = Release|Any CPU
		{6AB8891F-1786-4DA0-93DA-54897949FE4A}.Release|Any CPU.Build.0 = Release|Any CPU
		{608EE534-8B28-4F0F-90A2-B215A8772012}.Debug|Any CPU.ActiveCfg = Debug|Any CPU
		{608EE534-8B28-4F0F-90A2-B215A8772012}.Debug|Any CPU.Build.0 = Debug|Any CPU
		{608EE534-8B28-4F0F-90A2-B215A8772012}.Release|Any CPU.ActiveCfg = Release|Any CPU
		{608EE534-8B28-4F0F-90A2-B215A8772012}.Release|Any CPU.Build.0 = Release|Any CPU
		{195CA343-0099-4654-9490-56CA4755FB93}.Debug|Any CPU.ActiveCfg = Debug|Any CPU
		{195CA343-0099-4654-9490-56CA4755FB93}.Debug|Any CPU.Build.0 = Debug|Any CPU
		{195CA343-0099-4654-9490-56CA4755FB93}.Release|Any CPU.ActiveCfg = Release|Any CPU
		{195CA343-0099-4654-9490-56CA4755FB93}.Release|Any CPU.Build.0 = Release|Any CPU
		{EBBB00DD-9CAB-48CB-B62C-FF399D9201D7}.Debug|Any CPU.ActiveCfg = Debug|Any CPU
		{EBBB00DD-9CAB-48CB-B62C-FF399D9201D7}.Debug|Any CPU.Build.0 = Debug|Any CPU
		{EBBB00DD-9CAB-48CB-B62C-FF399D9201D7}.Release|Any CPU.ActiveCfg = Release|Any CPU
		{EBBB00DD-9CAB-48CB-B62C-FF399D9201D7}.Release|Any CPU.Build.0 = Release|Any CPU
		{8B35F4FE-AA34-402B-970F-C8853E008E1A}.Debug|Any CPU.ActiveCfg = Debug|Any CPU
		{8B35F4FE-AA34-402B-970F-C8853E008E1A}.Debug|Any CPU.Build.0 = Debug|Any CPU
		{8B35F4FE-AA34-402B-970F-C8853E008E1A}.Release|Any CPU.ActiveCfg = Release|Any CPU
		{8B35F4FE-AA34-402B-970F-C8853E008E1A}.Release|Any CPU.Build.0 = Release|Any CPU
		{50B8A856-FA40-446A-B33E-E2B641126425}.Debug|Any CPU.ActiveCfg = Debug|Any CPU
		{50B8A856-FA40-446A-B33E-E2B641126425}.Debug|Any CPU.Build.0 = Debug|Any CPU
		{50B8A856-FA40-446A-B33E-E2B641126425}.Release|Any CPU.ActiveCfg = Release|Any CPU
		{50B8A856-FA40-446A-B33E-E2B641126425}.Release|Any CPU.Build.0 = Release|Any CPU
		{908F1965-2528-4969-A672-C711D613BBE1}.Debug|Any CPU.ActiveCfg = Debug|Any CPU
		{908F1965-2528-4969-A672-C711D613BBE1}.Debug|Any CPU.Build.0 = Debug|Any CPU
		{908F1965-2528-4969-A672-C711D613BBE1}.Release|Any CPU.ActiveCfg = Release|Any CPU
		{908F1965-2528-4969-A672-C711D613BBE1}.Release|Any CPU.Build.0 = Release|Any CPU
		{865AF4BD-E3C6-4242-BDBB-FD590321CDE2}.Debug|Any CPU.ActiveCfg = Debug|Any CPU
		{865AF4BD-E3C6-4242-BDBB-FD590321CDE2}.Debug|Any CPU.Build.0 = Debug|Any CPU
		{865AF4BD-E3C6-4242-BDBB-FD590321CDE2}.Release|Any CPU.ActiveCfg = Release|Any CPU
		{865AF4BD-E3C6-4242-BDBB-FD590321CDE2}.Release|Any CPU.Build.0 = Release|Any CPU
		{059492DA-A777-41EF-B895-5679D167D6DC}.Debug|Any CPU.ActiveCfg = Debug|Any CPU
		{059492DA-A777-41EF-B895-5679D167D6DC}.Debug|Any CPU.Build.0 = Debug|Any CPU
		{059492DA-A777-41EF-B895-5679D167D6DC}.Release|Any CPU.ActiveCfg = Release|Any CPU
		{059492DA-A777-41EF-B895-5679D167D6DC}.Release|Any CPU.Build.0 = Release|Any CPU
		{4A0406FF-6765-4DB0-8B3C-AFF2126B5AC3}.Debug|Any CPU.ActiveCfg = Debug|Any CPU
		{4A0406FF-6765-4DB0-8B3C-AFF2126B5AC3}.Debug|Any CPU.Build.0 = Debug|Any CPU
		{4A0406FF-6765-4DB0-8B3C-AFF2126B5AC3}.Release|Any CPU.ActiveCfg = Release|Any CPU
		{4A0406FF-6765-4DB0-8B3C-AFF2126B5AC3}.Release|Any CPU.Build.0 = Release|Any CPU
		{CE48F9ED-E6C3-406F-AE35-C2ABFDFA70F4}.Debug|Any CPU.ActiveCfg = Debug|Any CPU
		{CE48F9ED-E6C3-406F-AE35-C2ABFDFA70F4}.Debug|Any CPU.Build.0 = Debug|Any CPU
		{CE48F9ED-E6C3-406F-AE35-C2ABFDFA70F4}.Release|Any CPU.ActiveCfg = Release|Any CPU
		{CE48F9ED-E6C3-406F-AE35-C2ABFDFA70F4}.Release|Any CPU.Build.0 = Release|Any CPU
		{B9DAF399-6F62-40A5-890F-A50530183426}.Debug|Any CPU.ActiveCfg = Debug|Any CPU
		{B9DAF399-6F62-40A5-890F-A50530183426}.Debug|Any CPU.Build.0 = Debug|Any CPU
		{B9DAF399-6F62-40A5-890F-A50530183426}.Release|Any CPU.ActiveCfg = Release|Any CPU
		{B9DAF399-6F62-40A5-890F-A50530183426}.Release|Any CPU.Build.0 = Release|Any CPU
		{5DEFC665-D995-4A1E-A9E4-75B6A990792E}.Debug|Any CPU.ActiveCfg = Debug|Any CPU
		{5DEFC665-D995-4A1E-A9E4-75B6A990792E}.Debug|Any CPU.Build.0 = Debug|Any CPU
		{5DEFC665-D995-4A1E-A9E4-75B6A990792E}.Release|Any CPU.ActiveCfg = Release|Any CPU
		{5DEFC665-D995-4A1E-A9E4-75B6A990792E}.Release|Any CPU.Build.0 = Release|Any CPU
		{E8669E99-A40C-48D8-B2F3-70E7492F15A7}.Debug|Any CPU.ActiveCfg = Debug|Any CPU
		{E8669E99-A40C-48D8-B2F3-70E7492F15A7}.Debug|Any CPU.Build.0 = Debug|Any CPU
		{E8669E99-A40C-48D8-B2F3-70E7492F15A7}.Release|Any CPU.ActiveCfg = Release|Any CPU
		{E8669E99-A40C-48D8-B2F3-70E7492F15A7}.Release|Any CPU.Build.0 = Release|Any CPU
	EndGlobalSection
	GlobalSection(SolutionProperties) = preSolution
		HideSolutionNode = FALSE
	EndGlobalSection
	GlobalSection(NestedProjects) = preSolution
		{759E7EFD-2BB7-41D4-A19E-72AB06F9FBC0} = {920FB92D-7471-40E1-B6F7-69A52B6B1A6C}
		{CEC0413B-2054-4051-8500-6DB60FDD25F5} = {759E7EFD-2BB7-41D4-A19E-72AB06F9FBC0}
		{1D592D57-231F-49CD-B08A-4BFB2B18A01D} = {759E7EFD-2BB7-41D4-A19E-72AB06F9FBC0}
		{B165EBD9-BBD5-491E-AFE5-B164430FA6E6} = {759E7EFD-2BB7-41D4-A19E-72AB06F9FBC0}
		{7850AC74-019B-4A14-A84A-AFE4A8CBC94D} = {759E7EFD-2BB7-41D4-A19E-72AB06F9FBC0}
		{AFB90598-F2D1-4226-B8CC-EDE57EEAFB3B} = {920FB92D-7471-40E1-B6F7-69A52B6B1A6C}
		{1CC9A7BB-44BA-4B2C-83BD-C1C1B702EDEC} = {AFB90598-F2D1-4226-B8CC-EDE57EEAFB3B}
		{CA9EF2D0-8AD5-47B4-A5E4-B505B3DA8280} = {AFB90598-F2D1-4226-B8CC-EDE57EEAFB3B}
		{6AB8891F-1786-4DA0-93DA-54897949FE4A} = {AFB90598-F2D1-4226-B8CC-EDE57EEAFB3B}
		{608EE534-8B28-4F0F-90A2-B215A8772012} = {AFB90598-F2D1-4226-B8CC-EDE57EEAFB3B}
		{58BC0253-2D26-4633-B4A3-8889DB0CF761} = {920FB92D-7471-40E1-B6F7-69A52B6B1A6C}
		{195CA343-0099-4654-9490-56CA4755FB93} = {58BC0253-2D26-4633-B4A3-8889DB0CF761}
		{EBBB00DD-9CAB-48CB-B62C-FF399D9201D7} = {58BC0253-2D26-4633-B4A3-8889DB0CF761}
		{8B35F4FE-AA34-402B-970F-C8853E008E1A} = {58BC0253-2D26-4633-B4A3-8889DB0CF761}
		{50B8A856-FA40-446A-B33E-E2B641126425} = {58BC0253-2D26-4633-B4A3-8889DB0CF761}
		{908F1965-2528-4969-A672-C711D613BBE1} = {0DB96F82-53E1-4D9E-B0F0-C99AE3B7F62E}
		{865AF4BD-E3C6-4242-BDBB-FD590321CDE2} = {0DB96F82-53E1-4D9E-B0F0-C99AE3B7F62E}
		{059492DA-A777-41EF-B895-5679D167D6DC} = {0DB96F82-53E1-4D9E-B0F0-C99AE3B7F62E}
		{4FEB6E03-0124-479B-A6C6-3A3F0C3FE7DC} = {920FB92D-7471-40E1-B6F7-69A52B6B1A6C}
		{4A0406FF-6765-4DB0-8B3C-AFF2126B5AC3} = {4FEB6E03-0124-479B-A6C6-3A3F0C3FE7DC}
		{CE48F9ED-E6C3-406F-AE35-C2ABFDFA70F4} = {4FEB6E03-0124-479B-A6C6-3A3F0C3FE7DC}
		{B9DAF399-6F62-40A5-890F-A50530183426} = {4FEB6E03-0124-479B-A6C6-3A3F0C3FE7DC}
		{5DEFC665-D995-4A1E-A9E4-75B6A990792E} = {4FEB6E03-0124-479B-A6C6-3A3F0C3FE7DC}
		{E8669E99-A40C-48D8-B2F3-70E7492F15A7} = {0DB96F82-53E1-4D9E-B0F0-C99AE3B7F62E}
	EndGlobalSection
	GlobalSection(ExtensibilityGlobals) = postSolution
		SolutionGuid = {578C42BB-79B4-46EA-86E2-5E7C307C0535}
	EndGlobalSection
EndGlobal
